
Microsoft Visual Studio Solution File, Format Version 12.00
# Visual Studio Version 16
VisualStudioVersion = 16.0.32510.428
MinimumVisualStudioVersion = 10.0.40219.1
Project("{FAE04EC0-301F-11D3-BF4B-00C04F79EFBC}") = "Client", "Client\Client.csproj", "{3414225D-D16A-4A1B-9546-436F91C44CC6}"
EndProject
Global
	GlobalSection(SolutionConfigurationPlatforms) = preSolution
		Debug|Any CPU = Debug|Any CPU
		Release|Any CPU = Release|Any CPU
	EndGlobalSection
	GlobalSection(ProjectConfigurationPlatforms) = postSolution
		{3414225D-D16A-4A1B-9546-436F91C44CC6}.Debug|Any CPU.ActiveCfg = Debug|Any CPU
		{3414225D-D16A-4A1B-9546-436F91C44CC6}.Debug|Any CPU.Build.0 = Debug|Any CPU
		{3414225D-D16A-4A1B-9546-436F91C44CC6}.Release|Any CPU.ActiveCfg = Release|Any CPU
		{3414225D-D16A-4A1B-9546-436F91C44CC6}.Release|Any CPU.Build.0 = Release|Any CPU
	EndGlobalSection
	GlobalSection(SolutionProperties) = preSolution
		HideSolutionNode = FALSE
	EndGlobalSection
	GlobalSection(ExtensibilityGlobals) = postSolution
		SolutionGuid = {B87BED22-6240-4767-BC91-24C46B232D88}
	EndGlobalSection
EndGlobal
